
Microsoft Visual Studio Solution File, Format Version 12.00
# Visual Studio Express 2012 for Web
Project("{FAE04EC0-301F-11D3-BF4B-00C04F79EFBC}") = "myxsl.net", "myxsl.net\myxsl.net.csproj", "{8A918123-1467-469E-9C78-6D37A8F911F3}"
EndProject
Project("{FAE04EC0-301F-11D3-BF4B-00C04F79EFBC}") = "myxsl.net.saxon", "myxsl.net.saxon\myxsl.net.saxon.csproj", "{5F9254A6-05F1-4255-A8F5-CC4490327DB1}"
EndProject
Project("{FAE04EC0-301F-11D3-BF4B-00C04F79EFBC}") = "myxsl.net.web.mvc", "myxsl.net.web.mvc\myxsl.net.web.mvc.csproj", "{AE71E623-E962-4554-8AC1-5F2492263666}"
EndProject
Project("{E24C65DC-7377-472B-9ABA-BC803B73C61A}") = "samples(5)", "http://localhost:1277", "{21BB371A-25CC-4409-83DB-A9AC0D5E2F78}"
	ProjectSection(WebsiteProperties) = preProject
		UseIISExpress = "true"
		TargetFrameworkMoniker = ".NETFramework,Version%3Dv4.0"
		ProjectReferences = "{8A918123-1467-469E-9C78-6D37A8F911F3}|myxsl.net.dll;{5F9254A6-05F1-4255-A8F5-CC4490327DB1}|myxsl.net.saxon.dll;{AE71E623-E962-4554-8AC1-5F2492263666}|myxsl.net.web.mvc.dll;"
		Debug.AspNetCompiler.VirtualPath = "/samples"
		Debug.AspNetCompiler.PhysicalPath = "samples\"
		Debug.AspNetCompiler.TargetPath = "PrecompiledWeb\samples\"
		Debug.AspNetCompiler.Updateable = "true"
		Debug.AspNetCompiler.ForceOverwrite = "true"
		Debug.AspNetCompiler.FixedNames = "false"
		Debug.AspNetCompiler.Debug = "True"
		Release.AspNetCompiler.VirtualPath = "/samples"
		Release.AspNetCompiler.PhysicalPath = "samples\"
		Release.AspNetCompiler.TargetPath = "PrecompiledWeb\samples\"
		Release.AspNetCompiler.Updateable = "true"
		Release.AspNetCompiler.ForceOverwrite = "true"
		Release.AspNetCompiler.FixedNames = "false"
		Release.AspNetCompiler.Debug = "False"
		SlnRelativePath = "samples\"
	EndProjectSection
EndProject
Project("{2150E333-8FDC-42A3-9474-1A3956D46DE8}") = ".nuget", ".nuget", "{C3750F34-1C97-41D3-B9E2-AFF48DF32475}"
	ProjectSection(SolutionItems) = preProject
		.nuget\NuGet.Config = .nuget\NuGet.Config
		.nuget\NuGet.exe = .nuget\NuGet.exe
		.nuget\NuGet.targets = .nuget\NuGet.targets
	EndProjectSection
EndProject
Global
	GlobalSection(SolutionConfigurationPlatforms) = preSolution
		Debug|Any CPU = Debug|Any CPU
		Release|Any CPU = Release|Any CPU
	EndGlobalSection
	GlobalSection(ProjectConfigurationPlatforms) = postSolution
		{8A918123-1467-469E-9C78-6D37A8F911F3}.Debug|Any CPU.ActiveCfg = Debug|Any CPU
		{8A918123-1467-469E-9C78-6D37A8F911F3}.Debug|Any CPU.Build.0 = Debug|Any CPU
		{8A918123-1467-469E-9C78-6D37A8F911F3}.Release|Any CPU.ActiveCfg = Release|Any CPU
		{8A918123-1467-469E-9C78-6D37A8F911F3}.Release|Any CPU.Build.0 = Release|Any CPU
		{5F9254A6-05F1-4255-A8F5-CC4490327DB1}.Debug|Any CPU.ActiveCfg = Debug|Any CPU
		{5F9254A6-05F1-4255-A8F5-CC4490327DB1}.Debug|Any CPU.Build.0 = Debug|Any CPU
		{5F9254A6-05F1-4255-A8F5-CC4490327DB1}.Release|Any CPU.ActiveCfg = Release|Any CPU
		{5F9254A6-05F1-4255-A8F5-CC4490327DB1}.Release|Any CPU.Build.0 = Release|Any CPU
		{AE71E623-E962-4554-8AC1-5F2492263666}.Debug|Any CPU.ActiveCfg = Debug|Any CPU
		{AE71E623-E962-4554-8AC1-5F2492263666}.Debug|Any CPU.Build.0 = Debug|Any CPU
		{AE71E623-E962-4554-8AC1-5F2492263666}.Release|Any CPU.ActiveCfg = Release|Any CPU
		{AE71E623-E962-4554-8AC1-5F2492263666}.Release|Any CPU.Build.0 = Release|Any CPU
		{21BB371A-25CC-4409-83DB-A9AC0D5E2F78}.Debug|Any CPU.ActiveCfg = Debug|Any CPU
		{21BB371A-25CC-4409-83DB-A9AC0D5E2F78}.Debug|Any CPU.Build.0 = Debug|Any CPU
		{21BB371A-25CC-4409-83DB-A9AC0D5E2F78}.Release|Any CPU.ActiveCfg = Debug|Any CPU
		{21BB371A-25CC-4409-83DB-A9AC0D5E2F78}.Release|Any CPU.Build.0 = Debug|Any CPU
	EndGlobalSection
	GlobalSection(SolutionProperties) = preSolution
		HideSolutionNode = FALSE
	EndGlobalSection
EndGlobal
